
Microsoft Visual Studio Solution File, Format Version 9.00
# Visual Studio 2005
Project("{FAE04EC0-301F-11D3-BF4B-00C04F79EFBC}") = "RubyBinding", "RubyBinding.csproj", "{05BDA4C0-5EAD-4568-93C0-FF57400CB927}"
EndProject
Global
	GlobalSection(SolutionConfigurationPlatforms) = preSolution
		Debug|Any CPU = Debug|Any CPU
		Release|Any CPU = Release|Any CPU
	EndGlobalSection
	GlobalSection(ProjectConfigurationPlatforms) = postSolution
		{05BDA4C0-5EAD-4568-93C0-FF57400CB927}.Debug|Any CPU.ActiveCfg = Debug|Any CPU
		{05BDA4C0-5EAD-4568-93C0-FF57400CB927}.Debug|Any CPU.Build.0 = Debug|Any CPU
		{05BDA4C0-5EAD-4568-93C0-FF57400CB927}.Release|Any CPU.ActiveCfg = Release|Any CPU
		{05BDA4C0-5EAD-4568-93C0-FF57400CB927}.Release|Any CPU.Build.0 = Release|Any CPU
	EndGlobalSection
	GlobalSection(MonoDevelopProperties) = preSolution
		version = 0.1
		StartupItem = RubyBinding.csproj
		Policies = $0
		$0.TextStylePolicy = $1
		$1.FileWidth = 120
		$1.TabWidth = 4
		$1.inheritsSet = Mono
		$1.inheritsScope = text/plain
		$1.scope = text/x-csharp
		$0.CSharpFormattingPolicy = $2
		$2.MethodBraceStyle = EndOfLine
		$2.ConstructorBraceStyle = EndOfLine
		$2.DestructorBraceStyle = EndOfLine
		$2.inheritsSet = Mono
		$2.inheritsScope = text/x-csharp
		$2.scope = text/x-csharp
		$0.DotNetNamingPolicy = $3
		$3.DirectoryNamespaceAssociation = None
		$3.ResourceNamePolicy = FileFormatDefault
		$0.StandardHeader = $4
		$4.inheritsSet = GPLv2License
	EndGlobalSection
EndGlobal
